
Microsoft Visual Studio Solution File, Format Version 12.00
# Visual Studio Version 17
VisualStudioVersion = 17.0.31903.59
MinimumVisualStudioVersion = 10.0.40219.1
Project("{2150E333-8FDC-42A3-9474-1A3956D46DE8}") = "src", "src", "{D8AF08DA-F05F-41E5-840E-55B57606EB74}"
EndProject
Project("{FAE04EC0-301F-11D3-BF4B-00C04F79EFBC}") = "RechtschreibTrainer", "src\RechtschreibTrainer\RechtschreibTrainer.csproj", "{09849942-388B-4070-AC09-7A99353F5B34}"
EndProject
Project("{FAE04EC0-301F-11D3-BF4B-00C04F79EFBC}") = "RechtschreibTrainer.Core", "src\RechtschreibTrainer.Core\RechtschreibTrainer.Core.csproj", "{2FED6596-5912-48D3-9D3B-604212BAB910}"
EndProject
Project("{2150E333-8FDC-42A3-9474-1A3956D46DE8}") = "tests", "tests", "{FFA5AF7D-E90B-412C-A236-D074E021ED71}"
EndProject
Project("{FAE04EC0-301F-11D3-BF4B-00C04F79EFBC}") = "RechtschreibTrainer.Core.Tests", "tests\RechtschreibTrainer.Core.Tests\RechtschreibTrainer.Core.Tests.csproj", "{3BAA8C11-4D9B-48DD-85EA-AE6C55E08070}"
EndProject
Global
	GlobalSection(SolutionConfigurationPlatforms) = preSolution
		Debug|Any CPU = Debug|Any CPU
		Release|Any CPU = Release|Any CPU
	EndGlobalSection
	GlobalSection(SolutionProperties) = preSolution
		HideSolutionNode = FALSE
	EndGlobalSection
	GlobalSection(ProjectConfigurationPlatforms) = postSolution
		{09849942-388B-4070-AC09-7A99353F5B34}.Debug|Any CPU.ActiveCfg = Debug|Any CPU
		{09849942-388B-4070-AC09-7A99353F5B34}.Debug|Any CPU.Build.0 = Debug|Any CPU
		{09849942-388B-4070-AC09-7A99353F5B34}.Release|Any CPU.ActiveCfg = Release|Any CPU
		{09849942-388B-4070-AC09-7A99353F5B34}.Release|Any CPU.Build.0 = Release|Any CPU
		{2FED6596-5912-48D3-9D3B-604212BAB910}.Debug|Any CPU.ActiveCfg = Debug|Any CPU
		{2FED6596-5912-48D3-9D3B-604212BAB910}.Debug|Any CPU.Build.0 = Debug|Any CPU
		{2FED6596-5912-48D3-9D3B-604212BAB910}.Release|Any CPU.ActiveCfg = Release|Any CPU
		{2FED6596-5912-48D3-9D3B-604212BAB910}.Release|Any CPU.Build.0 = Release|Any CPU
		{3BAA8C11-4D9B-48DD-85EA-AE6C55E08070}.Debug|Any CPU.ActiveCfg = Debug|Any CPU
		{3BAA8C11-4D9B-48DD-85EA-AE6C55E08070}.Debug|Any CPU.Build.0 = Debug|Any CPU
		{3BAA8C11-4D9B-48DD-85EA-AE6C55E08070}.Release|Any CPU.ActiveCfg = Release|Any CPU
		{3BAA8C11-4D9B-48DD-85EA-AE6C55E08070}.Release|Any CPU.Build.0 = Release|Any CPU
	EndGlobalSection
	GlobalSection(NestedProjects) = preSolution
		{09849942-388B-4070-AC09-7A99353F5B34} = {D8AF08DA-F05F-41E5-840E-55B57606EB74}
		{2FED6596-5912-48D3-9D3B-604212BAB910} = {D8AF08DA-F05F-41E5-840E-55B57606EB74}
		{3BAA8C11-4D9B-48DD-85EA-AE6C55E08070} = {FFA5AF7D-E90B-412C-A236-D074E021ED71}
	EndGlobalSection
EndGlobal
